
Microsoft Visual Studio Solution File, Format Version 12.00
# Visual Studio Version 17
VisualStudioVersion = 17.2.32526.322
MinimumVisualStudioVersion = 10.0.40219.1
Project("{9A19103F-16F7-4668-BE54-9A1E7A4F7556}") = "ExpressionBinding", "ExpressionBinding\ExpressionBinding.csproj", "{BB51D847-A035-438C-AFA8-73EF1EE00041}"
EndProject
Project("{FAE04EC0-301F-11D3-BF4B-00C04F79EFBC}") = "ExpressionBinding.UnitTests", "ExpressionBinding.UnitTests\ExpressionBinding.UnitTests.csproj", "{FFA32EF5-B88F-4BDD-A55A-0DE2787091CC}"
EndProject
Global
	GlobalSection(SolutionConfigurationPlatforms) = preSolution
		Debug|Any CPU = Debug|Any CPU
		Release|Any CPU = Release|Any CPU
	EndGlobalSection
	GlobalSection(ProjectConfigurationPlatforms) = postSolution
		{BB51D847-A035-438C-AFA8-73EF1EE00041}.Debug|Any CPU.ActiveCfg = Debug|Any CPU
		{BB51D847-A035-438C-AFA8-73EF1EE00041}.Debug|Any CPU.Build.0 = Debug|Any CPU
		{BB51D847-A035-438C-AFA8-73EF1EE00041}.Release|Any CPU.ActiveCfg = Release|Any CPU
		{BB51D847-A035-438C-AFA8-73EF1EE00041}.Release|Any CPU.Build.0 = Release|Any CPU
		{FFA32EF5-B88F-4BDD-A55A-0DE2787091CC}.Debug|Any CPU.ActiveCfg = Debug|Any CPU
		{FFA32EF5-B88F-4BDD-A55A-0DE2787091CC}.Debug|Any CPU.Build.0 = Debug|Any CPU
		{FFA32EF5-B88F-4BDD-A55A-0DE2787091CC}.Release|Any CPU.ActiveCfg = Release|Any CPU
		{FFA32EF5-B88F-4BDD-A55A-0DE2787091CC}.Release|Any CPU.Build.0 = Release|Any CPU
	EndGlobalSection
	GlobalSection(SolutionProperties) = preSolution
		HideSolutionNode = FALSE
	EndGlobalSection
	GlobalSection(ExtensibilityGlobals) = postSolution
		SolutionGuid = {73CF8A2F-C61B-4E3B-90D1-8ACD1BA88FC9}
	EndGlobalSection
EndGlobal
